
Microsoft Visual Studio Solution File, Format Version 12.00
# Visual Studio Version 17
VisualStudioVersion = 17.3.32929.385
MinimumVisualStudioVersion = 10.0.40219.1
Project("{2150E333-8FDC-42A3-9474-1A3956D46DE8}") = "0.WebApi", "0.WebApi", "{28AC868E-8668-4E41-9B41-FF96BE74F385}"
EndProject
Project("{2150E333-8FDC-42A3-9474-1A3956D46DE8}") = "1.Application", "1.Application", "{C57366C7-86F0-4D67-96BA-DBD843A44D1A}"
EndProject
Project("{2150E333-8FDC-42A3-9474-1A3956D46DE8}") = "2.DTO", "2.DTO", "{01D129D5-FD16-4D4C-8248-C4AD48FC29B5}"
EndProject
Project("{2150E333-8FDC-42A3-9474-1A3956D46DE8}") = "3.Domain", "3.Domain", "{670A6E7B-E6CD-4799-9786-FEE04A1EB1EE}"
EndProject
Project("{2150E333-8FDC-42A3-9474-1A3956D46DE8}") = "4.Infrastructure", "4.Infrastructure", "{5261A2EE-8E9B-414D-BF0C-553062E9BC31}"
EndProject
Project("{2150E333-8FDC-42A3-9474-1A3956D46DE8}") = "5.CrossCutting", "5.CrossCutting", "{05ECC70D-C50E-4140-B8AE-2687E649B121}"
EndProject
Project("{2150E333-8FDC-42A3-9474-1A3956D46DE8}") = "6.Tests", "6.Tests", "{EA992F02-0F0E-446F-B593-FC0F12733B6B}"
EndProject
Project("{9A19103F-16F7-4668-BE54-9A1E7A4F7556}") = "TestePraticoDevPlenoUx.WebApi", "TestePraticoDevPlenoUx.WebApi\TestePraticoDevPlenoUx.WebApi.csproj", "{97A05A7F-D6F2-47B3-8A7E-85D0A6084BEE}"
	ProjectSection(ProjectDependencies) = postProject
		{44551BCC-6D52-4FD0-9BB6-8ED28161A8C7} = {44551BCC-6D52-4FD0-9BB6-8ED28161A8C7}
		{49D779B4-9AB5-42DC-AB81-8B54558CC790} = {49D779B4-9AB5-42DC-AB81-8B54558CC790}
	EndProjectSection
EndProject
Project("{9A19103F-16F7-4668-BE54-9A1E7A4F7556}") = "TestePraticoDevPlenoUx.Application", "TestePraticoDevPlenoUx.Application\TestePraticoDevPlenoUx.Application.csproj", "{49D779B4-9AB5-42DC-AB81-8B54558CC790}"
	ProjectSection(ProjectDependencies) = postProject
		{1FC3D7F8-294E-4897-A195-D8884665A87E} = {1FC3D7F8-294E-4897-A195-D8884665A87E}
		{2731BC23-298F-40AA-8EF9-1573989AC674} = {2731BC23-298F-40AA-8EF9-1573989AC674}
	EndProjectSection
EndProject
Project("{9A19103F-16F7-4668-BE54-9A1E7A4F7556}") = "TestePraticoDevPlenoUx.DTO", "TestePraticoDevPlenoUx.DTO\TestePraticoDevPlenoUx.DTO.csproj", "{1FC3D7F8-294E-4897-A195-D8884665A87E}"
	ProjectSection(ProjectDependencies) = postProject
		{2731BC23-298F-40AA-8EF9-1573989AC674} = {2731BC23-298F-40AA-8EF9-1573989AC674}
	EndProjectSection
EndProject
Project("{9A19103F-16F7-4668-BE54-9A1E7A4F7556}") = "TestePraticoDevPlenoUx.Domain", "TestePraticoDevPlenoUx.Domain\TestePraticoDevPlenoUx.Domain.csproj", "{2731BC23-298F-40AA-8EF9-1573989AC674}"
	ProjectSection(ProjectDependencies) = postProject
		{70CDE869-E7A3-4ECA-AC59-8898A432BE6C} = {70CDE869-E7A3-4ECA-AC59-8898A432BE6C}
	EndProjectSection
EndProject
Project("{9A19103F-16F7-4668-BE54-9A1E7A4F7556}") = "TestePraticoDevPlenoUx.Data.SqlServer", "TestePraticoDevPlenoUx.Data.SqlServer\TestePraticoDevPlenoUx.Data.SqlServer.csproj", "{6ED17225-B220-4808-BBE6-9A5ECB853951}"
	ProjectSection(ProjectDependencies) = postProject
		{2731BC23-298F-40AA-8EF9-1573989AC674} = {2731BC23-298F-40AA-8EF9-1573989AC674}
	EndProjectSection
EndProject
Project("{9A19103F-16F7-4668-BE54-9A1E7A4F7556}") = "TestePraticoDevPlenoUx.CrossCutting", "TestePraticoDevPlenoUx.CrossCutting\TestePraticoDevPlenoUx.CrossCutting.csproj", "{70CDE869-E7A3-4ECA-AC59-8898A432BE6C}"
EndProject
Project("{9A19103F-16F7-4668-BE54-9A1E7A4F7556}") = "TestePraticoDevPlenoUx.IoC", "TestePraticoDevPlenoUx.IoC\TestePraticoDevPlenoUx.IoC.csproj", "{44551BCC-6D52-4FD0-9BB6-8ED28161A8C7}"
	ProjectSection(ProjectDependencies) = postProject
		{2731BC23-298F-40AA-8EF9-1573989AC674} = {2731BC23-298F-40AA-8EF9-1573989AC674}
		{49D779B4-9AB5-42DC-AB81-8B54558CC790} = {49D779B4-9AB5-42DC-AB81-8B54558CC790}
		{6ED17225-B220-4808-BBE6-9A5ECB853951} = {6ED17225-B220-4808-BBE6-9A5ECB853951}
	EndProjectSection
EndProject
Project("{9A19103F-16F7-4668-BE54-9A1E7A4F7556}") = "TestePraticoDevPlenoUx.Test", "TestePraticoDevPlenoUx.Test\TestePraticoDevPlenoUx.Test.csproj", "{D94D665F-3CD1-4EE1-ADB9-E168D977B4C3}"
	ProjectSection(ProjectDependencies) = postProject
		{1FC3D7F8-294E-4897-A195-D8884665A87E} = {1FC3D7F8-294E-4897-A195-D8884665A87E}
		{2731BC23-298F-40AA-8EF9-1573989AC674} = {2731BC23-298F-40AA-8EF9-1573989AC674}
		{44551BCC-6D52-4FD0-9BB6-8ED28161A8C7} = {44551BCC-6D52-4FD0-9BB6-8ED28161A8C7}
		{49D779B4-9AB5-42DC-AB81-8B54558CC790} = {49D779B4-9AB5-42DC-AB81-8B54558CC790}
		{6ED17225-B220-4808-BBE6-9A5ECB853951} = {6ED17225-B220-4808-BBE6-9A5ECB853951}
		{97A05A7F-D6F2-47B3-8A7E-85D0A6084BEE} = {97A05A7F-D6F2-47B3-8A7E-85D0A6084BEE}
	EndProjectSection
EndProject
Global
	GlobalSection(SolutionConfigurationPlatforms) = preSolution
		Debug|Any CPU = Debug|Any CPU
		Release|Any CPU = Release|Any CPU
	EndGlobalSection
	GlobalSection(ProjectConfigurationPlatforms) = postSolution
		{97A05A7F-D6F2-47B3-8A7E-85D0A6084BEE}.Debug|Any CPU.ActiveCfg = Debug|Any CPU
		{97A05A7F-D6F2-47B3-8A7E-85D0A6084BEE}.Debug|Any CPU.Build.0 = Debug|Any CPU
		{97A05A7F-D6F2-47B3-8A7E-85D0A6084BEE}.Release|Any CPU.ActiveCfg = Release|Any CPU
		{97A05A7F-D6F2-47B3-8A7E-85D0A6084BEE}.Release|Any CPU.Build.0 = Release|Any CPU
		{49D779B4-9AB5-42DC-AB81-8B54558CC790}.Debug|Any CPU.ActiveCfg = Debug|Any CPU
		{49D779B4-9AB5-42DC-AB81-8B54558CC790}.Debug|Any CPU.Build.0 = Debug|Any CPU
		{49D779B4-9AB5-42DC-AB81-8B54558CC790}.Release|Any CPU.ActiveCfg = Release|Any CPU
		{49D779B4-9AB5-42DC-AB81-8B54558CC790}.Release|Any CPU.Build.0 = Release|Any CPU
		{1FC3D7F8-294E-4897-A195-D8884665A87E}.Debug|Any CPU.ActiveCfg = Debug|Any CPU
		{1FC3D7F8-294E-4897-A195-D8884665A87E}.Debug|Any CPU.Build.0 = Debug|Any CPU
		{1FC3D7F8-294E-4897-A195-D8884665A87E}.Release|Any CPU.ActiveCfg = Release|Any CPU
		{1FC3D7F8-294E-4897-A195-D8884665A87E}.Release|Any CPU.Build.0 = Release|Any CPU
		{2731BC23-298F-40AA-8EF9-1573989AC674}.Debug|Any CPU.ActiveCfg = Debug|Any CPU
		{2731BC23-298F-40AA-8EF9-1573989AC674}.Debug|Any CPU.Build.0 = Debug|Any CPU
		{2731BC23-298F-40AA-8EF9-1573989AC674}.Release|Any CPU.ActiveCfg = Release|Any CPU
		{2731BC23-298F-40AA-8EF9-1573989AC674}.Release|Any CPU.Build.0 = Release|Any CPU
		{6ED17225-B220-4808-BBE6-9A5ECB853951}.Debug|Any CPU.ActiveCfg = Debug|Any CPU
		{6ED17225-B220-4808-BBE6-9A5ECB853951}.Debug|Any CPU.Build.0 = Debug|Any CPU
		{6ED17225-B220-4808-BBE6-9A5ECB853951}.Release|Any CPU.ActiveCfg = Release|Any CPU
		{6ED17225-B220-4808-BBE6-9A5ECB853951}.Release|Any CPU.Build.0 = Release|Any CPU
		{70CDE869-E7A3-4ECA-AC59-8898A432BE6C}.Debug|Any CPU.ActiveCfg = Debug|Any CPU
		{70CDE869-E7A3-4ECA-AC59-8898A432BE6C}.Debug|Any CPU.Build.0 = Debug|Any CPU
		{70CDE869-E7A3-4ECA-AC59-8898A432BE6C}.Release|Any CPU.ActiveCfg = Release|Any CPU
		{70CDE869-E7A3-4ECA-AC59-8898A432BE6C}.Release|Any CPU.Build.0 = Release|Any CPU
		{44551BCC-6D52-4FD0-9BB6-8ED28161A8C7}.Debug|Any CPU.ActiveCfg = Debug|Any CPU
		{44551BCC-6D52-4FD0-9BB6-8ED28161A8C7}.Debug|Any CPU.Build.0 = Debug|Any CPU
		{44551BCC-6D52-4FD0-9BB6-8ED28161A8C7}.Release|Any CPU.ActiveCfg = Release|Any CPU
		{44551BCC-6D52-4FD0-9BB6-8ED28161A8C7}.Release|Any CPU.Build.0 = Release|Any CPU
		{D94D665F-3CD1-4EE1-ADB9-E168D977B4C3}.Debug|Any CPU.ActiveCfg = Debug|Any CPU
		{D94D665F-3CD1-4EE1-ADB9-E168D977B4C3}.Debug|Any CPU.Build.0 = Debug|Any CPU
		{D94D665F-3CD1-4EE1-ADB9-E168D977B4C3}.Release|Any CPU.ActiveCfg = Release|Any CPU
		{D94D665F-3CD1-4EE1-ADB9-E168D977B4C3}.Release|Any CPU.Build.0 = Release|Any CPU
	EndGlobalSection
	GlobalSection(SolutionProperties) = preSolution
		HideSolutionNode = FALSE
	EndGlobalSection
	GlobalSection(NestedProjects) = preSolution
		{97A05A7F-D6F2-47B3-8A7E-85D0A6084BEE} = {28AC868E-8668-4E41-9B41-FF96BE74F385}
		{49D779B4-9AB5-42DC-AB81-8B54558CC790} = {C57366C7-86F0-4D67-96BA-DBD843A44D1A}
		{1FC3D7F8-294E-4897-A195-D8884665A87E} = {01D129D5-FD16-4D4C-8248-C4AD48FC29B5}
		{2731BC23-298F-40AA-8EF9-1573989AC674} = {670A6E7B-E6CD-4799-9786-FEE04A1EB1EE}
		{6ED17225-B220-4808-BBE6-9A5ECB853951} = {5261A2EE-8E9B-414D-BF0C-553062E9BC31}
		{70CDE869-E7A3-4ECA-AC59-8898A432BE6C} = {05ECC70D-C50E-4140-B8AE-2687E649B121}
		{44551BCC-6D52-4FD0-9BB6-8ED28161A8C7} = {05ECC70D-C50E-4140-B8AE-2687E649B121}
		{D94D665F-3CD1-4EE1-ADB9-E168D977B4C3} = {EA992F02-0F0E-446F-B593-FC0F12733B6B}
	EndGlobalSection
	GlobalSection(ExtensibilityGlobals) = postSolution
		SolutionGuid = {7F8480F2-5C27-4213-A205-9C90D64DED7A}
	EndGlobalSection
EndGlobal
